
Microsoft Visual Studio Solution File, Format Version 12.00
# Visual Studio Version 17
VisualStudioVersion = 17.5.002.0
MinimumVisualStudioVersion = 10.0.40219.1
Project("{9A19103F-16F7-4668-BE54-9A1E7A4F7556}") = "starpyramid", "starpyramid.csproj", "{55DE6639-6140-49B0-8930-F9A6A6972E0C}"
EndProject
Global
	GlobalSection(SolutionConfigurationPlatforms) = preSolution
		Debug|Any CPU = Debug|Any CPU
		Release|Any CPU = Release|Any CPU
	EndGlobalSection
	GlobalSection(ProjectConfigurationPlatforms) = postSolution
		{55DE6639-6140-49B0-8930-F9A6A6972E0C}.Debug|Any CPU.ActiveCfg = Debug|Any CPU
		{55DE6639-6140-49B0-8930-F9A6A6972E0C}.Debug|Any CPU.Build.0 = Debug|Any CPU
		{55DE6639-6140-49B0-8930-F9A6A6972E0C}.Release|Any CPU.ActiveCfg = Release|Any CPU
		{55DE6639-6140-49B0-8930-F9A6A6972E0C}.Release|Any CPU.Build.0 = Release|Any CPU
	EndGlobalSection
	GlobalSection(SolutionProperties) = preSolution
		HideSolutionNode = FALSE
	EndGlobalSection
	GlobalSection(ExtensibilityGlobals) = postSolution
		SolutionGuid = {C6BA733E-3CB0-4F0E-BFBA-D830117C995A}
	EndGlobalSection
EndGlobal
